// !$*UTF8*$!
{
	archiveVersion = 1;
	classes = {
	};
	objectVersion = 51;
	objects = {

/* Begin PBXBuildFile section */
		549D1F4A298B8EF1D905D92D /* libPods-ScannerHDSDkDemo.a in Frameworks */ = {isa = PBXBuildFile; fileRef = 5716D4C6E4BD6F849E0597A8 /* libPods-ScannerHDSDkDemo.a */; };
		FC102DCC238E5DA3007AED1C /* ScannerHDSDK.framework in Frameworks */ = {isa = PBXBuildFile; fileRef = FCA5B8F8237E8295003D00DF /* ScannerHDSDK.framework */; };
		FC6647F8237D5342005416DE /* AppDelegate.m in Sources */ = {isa = PBXBuildFile; fileRef = FC6647F7237D5342005416DE /* AppDelegate.m */; };
		FC664800237D5345005416DE /* Assets.xcassets in Resources */ = {isa = PBXBuildFile; fileRef = FC6647FF237D5345005416DE /* Assets.xcassets */; };
		FC664806237D5345005416DE /* main.m in Sources */ = {isa = PBXBuildFile; fileRef = FC664805237D5345005416DE /* main.m */; };
		FC6AE1A72382916700D49055 /* ScannerHDSDKResource.bundle in Resources */ = {isa = PBXBuildFile; fileRef = FC6AE1A62382916700D49055 /* ScannerHDSDKResource.bundle */; };
		FCA5B8EB237E4E8A003D00DF /* libbz2.tbd in Frameworks */ = {isa = PBXBuildFile; fileRef = FCA5B8EA237E4E8A003D00DF /* libbz2.tbd */; };
		FCD7B97D23865F4A0081EC9C /* TableViewController.m in Sources */ = {isa = PBXBuildFile; fileRef = FCD7B97C23865F4A0081EC9C /* TableViewController.m */; };
		FCF4B090238D24CB00C692DD /* VisionSDK.framework in Frameworks */ = {isa = PBXBuildFile; fileRef = FCF4B08D238D24CB00C692DD /* VisionSDK.framework */; };
		FCF4B091238D24CB00C692DD /* HXBussinessCardScanner.framework in Frameworks */ = {isa = PBXBuildFile; fileRef = FCF4B08E238D24CB00C692DD /* HXBussinessCardScanner.framework */; };
		FCF4B092238D24CB00C692DD /* opencv2.framework in Frameworks */ = {isa = PBXBuildFile; fileRef = FCF4B08F238D24CB00C692DD /* opencv2.framework */; };
/* End PBXBuildFile section */

/* Begin PBXCopyFilesBuildPhase section */
		FC66480E237D685D005416DE /* CopyFiles */ = {
			isa = PBXCopyFilesBuildPhase;
			buildActionMask = 2147483647;
			dstPath = "";
			dstSubfolderSpec = 10;
			files = (
			);
			runOnlyForDeploymentPostprocessing = 0;
		};
/* End PBXCopyFilesBuildPhase section */

/* Begin PBXFileReference section */
		0B45BE5D37BC7F0EA08D01CE /* Pods-ScannerHDSDkDemo.release.xcconfig */ = {isa = PBXFileReference; includeInIndex = 1; lastKnownFileType = text.xcconfig; name = "Pods-ScannerHDSDkDemo.release.xcconfig"; path = "Target Support Files/Pods-ScannerHDSDkDemo/Pods-ScannerHDSDkDemo.release.xcconfig"; sourceTree = "<group>"; };
		5716D4C6E4BD6F849E0597A8 /* libPods-ScannerHDSDkDemo.a */ = {isa = PBXFileReference; explicitFileType = archive.ar; includeInIndex = 0; path = "libPods-ScannerHDSDkDemo.a"; sourceTree = BUILT_PRODUCTS_DIR; };
		DAC8A1E1513822F7E9C6BD91 /* Pods-ScannerHDSDkDemo.debug.xcconfig */ = {isa = PBXFileReference; includeInIndex = 1; lastKnownFileType = text.xcconfig; name = "Pods-ScannerHDSDkDemo.debug.xcconfig"; path = "Target Support Files/Pods-ScannerHDSDkDemo/Pods-ScannerHDSDkDemo.debug.xcconfig"; sourceTree = "<group>"; };
		FC6647F3237D5342005416DE /* ScannerHDSDkDemo.app */ = {isa = PBXFileReference; explicitFileType = wrapper.application; includeInIndex = 0; path = ScannerHDSDkDemo.app; sourceTree = BUILT_PRODUCTS_DIR; };
		FC6647F6237D5342005416DE /* AppDelegate.h */ = {isa = PBXFileReference; lastKnownFileType = sourcecode.c.h; path = AppDelegate.h; sourceTree = "<group>"; };
		FC6647F7237D5342005416DE /* AppDelegate.m */ = {isa = PBXFileReference; lastKnownFileType = sourcecode.c.objc; path = AppDelegate.m; sourceTree = "<group>"; };
		FC6647FF237D5345005416DE /* Assets.xcassets */ = {isa = PBXFileReference; lastKnownFileType = folder.assetcatalog; path = Assets.xcassets; sourceTree = "<group>"; };
		FC664804237D5345005416DE /* Info.plist */ = {isa = PBXFileReference; lastKnownFileType = text.plist.xml; path = Info.plist; sourceTree = "<group>"; };
		FC664805237D5345005416DE /* main.m */ = {isa = PBXFileReference; lastKnownFileType = sourcecode.c.objc; path = main.m; sourceTree = "<group>"; };
		FC6AE1A62382916700D49055 /* ScannerHDSDKResource.bundle */ = {isa = PBXFileReference; lastKnownFileType = "wrapper.plug-in"; path = ScannerHDSDKResource.bundle; sourceTree = "<group>"; };
		FCA5B8EA237E4E8A003D00DF /* libbz2.tbd */ = {isa = PBXFileReference; lastKnownFileType = "sourcecode.text-based-dylib-definition"; name = libbz2.tbd; path = usr/lib/libbz2.tbd; sourceTree = SDKROOT; };
		FCA5B8F8237E8295003D00DF /* ScannerHDSDK.framework */ = {isa = PBXFileReference; lastKnownFileType = wrapper.framework; path = ScannerHDSDK.framework; sourceTree = "<group>"; };
		FCD7B97B23865F4A0081EC9C /* TableViewController.h */ = {isa = PBXFileReference; lastKnownFileType = sourcecode.c.h; path = TableViewController.h; sourceTree = "<group>"; };
		FCD7B97C23865F4A0081EC9C /* TableViewController.m */ = {isa = PBXFileReference; lastKnownFileType = sourcecode.c.objc; path = TableViewController.m; sourceTree = "<group>"; };
		FCF4B08D238D24CB00C692DD /* VisionSDK.framework */ = {isa = PBXFileReference; lastKnownFileType = wrapper.framework; name = VisionSDK.framework; path = ../Framework/VisionSDK/VisionSDK.framework; sourceTree = "<group>"; };
		FCF4B08E238D24CB00C692DD /* HXBussinessCardScanner.framework */ = {isa = PBXFileReference; lastKnownFileType = wrapper.framework; name = HXBussinessCardScanner.framework; path = ../Framework/VisionSDK/HXBussinessCardScanner.framework; sourceTree = "<group>"; };
		FCF4B08F238D24CB00C692DD /* opencv2.framework */ = {isa = PBXFileReference; lastKnownFileType = wrapper.framework; name = opencv2.framework; path = ../Framework/VisionSDK/opencv2.framework; sourceTree = "<group>"; };
/* End PBXFileReference section */

/* Begin PBXFrameworksBuildPhase section */
		FC6647F0237D5342005416DE /* Frameworks */ = {
			isa = PBXFrameworksBuildPhase;
			buildActionMask = 2147483647;
			files = (
				FC102DCC238E5DA3007AED1C /* ScannerHDSDK.framework in Frameworks */,
				FCF4B090238D24CB00C692DD /* VisionSDK.framework in Frameworks */,
				FCF4B091238D24CB00C692DD /* HXBussinessCardScanner.framework in Frameworks */,
				FCF4B092238D24CB00C692DD /* opencv2.framework in Frameworks */,
				FCA5B8EB237E4E8A003D00DF /* libbz2.tbd in Frameworks */,
				549D1F4A298B8EF1D905D92D /* libPods-ScannerHDSDkDemo.a in Frameworks */,
			);
			runOnlyForDeploymentPostprocessing = 0;
		};
/* End PBXFrameworksBuildPhase section */

/* Begin PBXGroup section */
		18D898C908026FE408F803F0 /* Pods */ = {
			isa = PBXGroup;
			children = (
				DAC8A1E1513822F7E9C6BD91 /* Pods-ScannerHDSDkDemo.debug.xcconfig */,
				0B45BE5D37BC7F0EA08D01CE /* Pods-ScannerHDSDkDemo.release.xcconfig */,
			);
			path = Pods;
			sourceTree = "<group>";
		};
		993C119F691EF66BA81735E2 /* Frameworks */ = {
			isa = PBXGroup;
			children = (
				FCF4B08E238D24CB00C692DD /* HXBussinessCardScanner.framework */,
				FCF4B08F238D24CB00C692DD /* opencv2.framework */,
				FCF4B08D238D24CB00C692DD /* VisionSDK.framework */,
				FC6AE1A62382916700D49055 /* ScannerHDSDKResource.bundle */,
				FCA5B8F8237E8295003D00DF /* ScannerHDSDK.framework */,
				FCA5B8EA237E4E8A003D00DF /* libbz2.tbd */,
				5716D4C6E4BD6F849E0597A8 /* libPods-ScannerHDSDkDemo.a */,
			);
			name = Frameworks;
			sourceTree = "<group>";
		};
		FC6647EA237D5342005416DE = {
			isa = PBXGroup;
			children = (
				FC6647F5237D5342005416DE /* ScannerHDSDkDemo */,
				FC6647F4237D5342005416DE /* Products */,
				18D898C908026FE408F803F0 /* Pods */,
				993C119F691EF66BA81735E2 /* Frameworks */,
			);
			sourceTree = "<group>";
		};
		FC6647F4237D5342005416DE /* Products */ = {
			isa = PBXGroup;
			children = (
				FC6647F3237D5342005416DE /* ScannerHDSDkDemo.app */,
			);
			name = Products;
			sourceTree = "<group>";
		};
		FC6647F5237D5342005416DE /* ScannerHDSDkDemo */ = {
			isa = PBXGroup;
			children = (
				FC6647F6237D5342005416DE /* AppDelegate.h */,
				FC6647F7237D5342005416DE /* AppDelegate.m */,
				FC6647FF237D5345005416DE /* Assets.xcassets */,
				FC664804237D5345005416DE /* Info.plist */,
				FC664805237D5345005416DE /* main.m */,
				FCD7B97B23865F4A0081EC9C /* TableViewController.h */,
				FCD7B97C23865F4A0081EC9C /* TableViewController.m */,
			);
			path = ScannerHDSDkDemo;
			sourceTree = "<group>";
		};
/* End PBXGroup section */

/* Begin PBXNativeTarget section */
		FC6647F2237D5342005416DE /* ScannerHDSDkDemo */ = {
			isa = PBXNativeTarget;
			buildConfigurationList = FC664809237D5345005416DE /* Build configuration list for PBXNativeTarget "ScannerHDSDkDemo" */;
			buildPhases = (
				39E6EDDBAC68222875F726E4 /* [CP] Check Pods Manifest.lock */,
				FC6647EF237D5342005416DE /* Sources */,
				FC6647F0237D5342005416DE /* Frameworks */,
				FC6647F1237D5342005416DE /* Resources */,
				FC66480E237D685D005416DE /* CopyFiles */,
				166B80EE31CDC00DA5E03D94 /* [CP] Copy Pods Resources */,
			);
			buildRules = (
			);
			dependencies = (
			);
			name = ScannerHDSDkDemo;
			productName = ScannerHDSDkDemo;
			productReference = FC6647F3237D5342005416DE /* ScannerHDSDkDemo.app */;
			productType = "com.apple.product-type.application";
		};
/* End PBXNativeTarget section */

/* Begin PBXProject section */
		FC6647EB237D5342005416DE /* Project object */ = {
			isa = PBXProject;
			attributes = {
				LastUpgradeCheck = 1030;
				ORGANIZATIONNAME = Frank;
				TargetAttributes = {
					FC6647F2237D5342005416DE = {
						CreatedOnToolsVersion = 10.3;
					};
				};
			};
			buildConfigurationList = FC6647EE237D5342005416DE /* Build configuration list for PBXProject "ScannerHDSDkDemo" */;
			compatibilityVersion = "Xcode 9.3";
			developmentRegion = en;
			hasScannedForEncodings = 0;
			knownRegions = (
				en,
				Base,
			);
			mainGroup = FC6647EA237D5342005416DE;
			productRefGroup = FC6647F4237D5342005416DE /* Products */;
			projectDirPath = "";
			projectRoot = "";
			targets = (
				FC6647F2237D5342005416DE /* ScannerHDSDkDemo */,
			);
		};
/* End PBXProject section */

/* Begin PBXResourcesBuildPhase section */
		FC6647F1237D5342005416DE /* Resources */ = {
			isa = PBXResourcesBuildPhase;
			buildActionMask = 2147483647;
			files = (
				FC664800237D5345005416DE /* Assets.xcassets in Resources */,
				FC6AE1A72382916700D49055 /* ScannerHDSDKResource.bundle in Resources */,
			);
			runOnlyForDeploymentPostprocessing = 0;
		};
/* End PBXResourcesBuildPhase section */

/* Begin PBXShellScriptBuildPhase section */
		166B80EE31CDC00DA5E03D94 /* [CP] Copy Pods Resources */ = {
			isa = PBXShellScriptBuildPhase;
			buildActionMask = 2147483647;
			files = (
			);
			inputFileListPaths = (
				"${PODS_ROOT}/Target Support Files/Pods-ScannerHDSDkDemo/Pods-ScannerHDSDkDemo-resources-${CONFIGURATION}-input-files.xcfilelist",
			);
			name = "[CP] Copy Pods Resources";
			outputFileListPaths = (
				"${PODS_ROOT}/Target Support Files/Pods-ScannerHDSDkDemo/Pods-ScannerHDSDkDemo-resources-${CONFIGURATION}-output-files.xcfilelist",
			);
			runOnlyForDeploymentPostprocessing = 0;
			shellPath = /bin/sh;
			shellScript = "\"${PODS_ROOT}/Target Support Files/Pods-ScannerHDSDkDemo/Pods-ScannerHDSDkDemo-resources.sh\"\n";
			showEnvVarsInLog = 0;
		};
		39E6EDDBAC68222875F726E4 /* [CP] Check Pods Manifest.lock */ = {
			isa = PBXShellScriptBuildPhase;
			buildActionMask = 2147483647;
			files = (
			);
			inputFileListPaths = (
			);
			inputPaths = (
				"${PODS_PODFILE_DIR_PATH}/Podfile.lock",
				"${PODS_ROOT}/Manifest.lock",
			);
			name = "[CP] Check Pods Manifest.lock";
			outputFileListPaths = (
			);
			outputPaths = (
				"$(DERIVED_FILE_DIR)/Pods-ScannerHDSDkDemo-checkManifestLockResult.txt",
			);
			runOnlyForDeploymentPostprocessing = 0;
			shellPath = /bin/sh;
			shellScript = "diff \"${PODS_PODFILE_DIR_PATH}/Podfile.lock\" \"${PODS_ROOT}/Manifest.lock\" > /dev/null\nif [ $? != 0 ] ; then\n    # print error to STDERR\n    echo \"error: The sandbox is not in sync with the Podfile.lock. Run 'pod install' or update your CocoaPods installation.\" >&2\n    exit 1\nfi\n# This output is used by Xcode 'outputs' to avoid re-running this script phase.\necho \"SUCCESS\" > \"${SCRIPT_OUTPUT_FILE_0}\"\n";
			showEnvVarsInLog = 0;
		};
/* End PBXShellScriptBuildPhase section */

/* Begin PBXSourcesBuildPhase section */
		FC6647EF237D5342005416DE /* Sources */ = {
			isa = PBXSourcesBuildPhase;
			buildActionMask = 2147483647;
			files = (
				FC664806237D5345005416DE /* main.m in Sources */,
				FC6647F8237D5342005416DE /* AppDelegate.m in Sources */,
				FCD7B97D23865F4A0081EC9C /* TableViewController.m in Sources */,
			);
			runOnlyForDeploymentPostprocessing = 0;
		};
/* End PBXSourcesBuildPhase section */

/* Begin XCBuildConfiguration section */
		FC664807237D5345005416DE /* Debug */ = {
			isa = XCBuildConfiguration;
			buildSettings = {
				ALWAYS_SEARCH_USER_PATHS = NO;
				CLANG_ANALYZER_NONNULL = YES;
				CLANG_ANALYZER_NUMBER_OBJECT_CONVERSION = YES_AGGRESSIVE;
				CLANG_CXX_LANGUAGE_STANDARD = "gnu++14";
				CLANG_CXX_LIBRARY = "libc++";
				CLANG_ENABLE_MODULES = YES;
				CLANG_ENABLE_OBJC_ARC = YES;
				CLANG_ENABLE_OBJC_WEAK = YES;
				CLANG_WARN_BLOCK_CAPTURE_AUTORELEASING = YES;
				CLANG_WARN_BOOL_CONVERSION = YES;
				CLANG_WARN_COMMA = YES;
				CLANG_WARN_CONSTANT_CONVERSION = YES;
				CLANG_WARN_DEPRECATED_OBJC_IMPLEMENTATIONS = YES;
				CLANG_WARN_DIRECT_OBJC_ISA_USAGE = YES_ERROR;
				CLANG_WARN_DOCUMENTATION_COMMENTS = YES;
				CLANG_WARN_EMPTY_BODY = YES;
				CLANG_WARN_ENUM_CONVERSION = YES;
				CLANG_WARN_INFINITE_RECURSION = YES;
				CLANG_WARN_INT_CONVERSION = YES;
				CLANG_WARN_NON_LITERAL_NULL_CONVERSION = YES;
				CLANG_WARN_OBJC_IMPLICIT_RETAIN_SELF = YES;
				CLANG_WARN_OBJC_LITERAL_CONVERSION = YES;
				CLANG_WARN_OBJC_ROOT_CLASS = YES_ERROR;
				CLANG_WARN_RANGE_LOOP_ANALYSIS = YES;
				CLANG_WARN_STRICT_PROTOTYPES = YES;
				CLANG_WARN_SUSPICIOUS_MOVE = YES;
				CLANG_WARN_UNGUARDED_AVAILABILITY = YES_AGGRESSIVE;
				CLANG_WARN_UNREACHABLE_CODE = YES;
				CLANG_WARN__DUPLICATE_METHOD_MATCH = YES;
				CODE_SIGN_IDENTITY = "iPhone Developer";
				COPY_PHASE_STRIP = NO;
				DEBUG_INFORMATION_FORMAT = dwarf;
				ENABLE_STRICT_OBJC_MSGSEND = YES;
				ENABLE_TESTABILITY = YES;
				GCC_C_LANGUAGE_STANDARD = gnu11;
				GCC_DYNAMIC_NO_PIC = NO;
				GCC_NO_COMMON_BLOCKS = YES;
				GCC_OPTIMIZATION_LEVEL = 0;
				GCC_PREPROCESSOR_DEFINITIONS = (
					"DEBUG=1",
					"$(inherited)",
				);
				GCC_WARN_64_TO_32_BIT_CONVERSION = YES;
				GCC_WARN_ABOUT_RETURN_TYPE = YES_ERROR;
				GCC_WARN_UNDECLARED_SELECTOR = YES;
				GCC_WARN_UNINITIALIZED_AUTOS = YES_AGGRESSIVE;
				GCC_WARN_UNUSED_FUNCTION = YES;
				GCC_WARN_UNUSED_VARIABLE = YES;
				IPHONEOS_DEPLOYMENT_TARGET = 9.0;
				MTL_ENABLE_DEBUG_INFO = INCLUDE_SOURCE;
				MTL_FAST_MATH = YES;
				ONLY_ACTIVE_ARCH = YES;
				SDKROOT = iphoneos;
			};
			name = Debug;
		};
		FC664808237D5345005416DE /* Release */ = {
			isa = XCBuildConfiguration;
			buildSettings = {
				ALWAYS_SEARCH_USER_PATHS = NO;
				CLANG_ANALYZER_NONNULL = YES;
				CLANG_ANALYZER_NUMBER_OBJECT_CONVERSION = YES_AGGRESSIVE;
				CLANG_CXX_LANGUAGE_STANDARD = "gnu++14";
				CLANG_CXX_LIBRARY = "libc++";
				CLANG_ENABLE_MODULES = YES;
				CLANG_ENABLE_OBJC_ARC = YES;
				CLANG_ENABLE_OBJC_WEAK = YES;
				CLANG_WARN_BLOCK_CAPTURE_AUTORELEASING = YES;
				CLANG_WARN_BOOL_CONVERSION = YES;
				CLANG_WARN_COMMA = YES;
				CLANG_WARN_CONSTANT_CONVERSION = YES;
				CLANG_WARN_DEPRECATED_OBJC_IMPLEMENTATIONS = YES;
				CLANG_WARN_DIRECT_OBJC_ISA_USAGE = YES_ERROR;
				CLANG_WARN_DOCUMENTATION_COMMENTS = YES;
				CLANG_WARN_EMPTY_BODY = YES;
				CLANG_WARN_ENUM_CONVERSION = YES;
				CLANG_WARN_INFINITE_RECURSION = YES;
				CLANG_WARN_INT_CONVERSION = YES;
				CLANG_WARN_NON_LITERAL_NULL_CONVERSION = YES;
				CLANG_WARN_OBJC_IMPLICIT_RETAIN_SELF = YES;
				CLANG_WARN_OBJC_LITERAL_CONVERSION = YES;
				CLANG_WARN_OBJC_ROOT_CLASS = YES_ERROR;
				CLANG_WARN_RANGE_LOOP_ANALYSIS = YES;
				CLANG_WARN_STRICT_PROTOTYPES = YES;
				CLANG_WARN_SUSPICIOUS_MOVE = YES;
				CLANG_WARN_UNGUARDED_AVAILABILITY = YES_AGGRESSIVE;
				CLANG_WARN_UNREACHABLE_CODE = YES;
				CLANG_WARN__DUPLICATE_METHOD_MATCH = YES;
				CODE_SIGN_IDENTITY = "iPhone Developer";
				COPY_PHASE_STRIP = NO;
				DEBUG_INFORMATION_FORMAT = "dwarf-with-dsym";
				ENABLE_NS_ASSERTIONS = NO;
				ENABLE_STRICT_OBJC_MSGSEND = YES;
				GCC_C_LANGUAGE_STANDARD = gnu11;
				GCC_NO_COMMON_BLOCKS = YES;
				GCC_WARN_64_TO_32_BIT_CONVERSION = YES;
				GCC_WARN_ABOUT_RETURN_TYPE = YES_ERROR;
				GCC_WARN_UNDECLARED_SELECTOR = YES;
				GCC_WARN_UNINITIALIZED_AUTOS = YES_AGGRESSIVE;
				GCC_WARN_UNUSED_FUNCTION = YES;
				GCC_WARN_UNUSED_VARIABLE = YES;
				IPHONEOS_DEPLOYMENT_TARGET = 9.0;
				MTL_ENABLE_DEBUG_INFO = NO;
				MTL_FAST_MATH = YES;
				SDKROOT = iphoneos;
				VALIDATE_PRODUCT = YES;
			};
			name = Release;
		};
		FC66480A237D5345005416DE /* Debug */ = {
			isa = XCBuildConfiguration;
			baseConfigurationReference = DAC8A1E1513822F7E9C6BD91 /* Pods-ScannerHDSDkDemo.debug.xcconfig */;
			buildSettings = {
				ASSETCATALOG_COMPILER_APPICON_NAME = AppIcon;
				CODE_SIGN_STYLE = Automatic;
				DEVELOPMENT_TEAM = 7M76G8VFG2;
				ENABLE_BITCODE = NO;
				FRAMEWORK_SEARCH_PATHS = (
					"$(inherited)",
					"$(PROJECT_DIR)",
				);
				INFOPLIST_FILE = ScannerHDSDkDemo/Info.plist;
				IPHONEOS_DEPLOYMENT_TARGET = 9.0;
				LD_RUNPATH_SEARCH_PATHS = (
					"$(inherited)",
					"@executable_path/Frameworks",
				);
				PRODUCT_BUNDLE_IDENTIFIER = com.hithink.scannerhd.sdk.demo;
				PRODUCT_NAME = "$(TARGET_NAME)";
				TARGETED_DEVICE_FAMILY = "1,2";
			};
			name = Debug;
		};
		FC66480B237D5345005416DE /* Release */ = {
			isa = XCBuildConfiguration;
			baseConfigurationReference = 0B45BE5D37BC7F0EA08D01CE /* Pods-ScannerHDSDkDemo.release.xcconfig */;
			buildSettings = {
				ASSETCATALOG_COMPILER_APPICON_NAME = AppIcon;
				CODE_SIGN_STYLE = Automatic;
				DEVELOPMENT_TEAM = 7M76G8VFG2;
				ENABLE_BITCODE = NO;
				FRAMEWORK_SEARCH_PATHS = (
					"$(inherited)",
					"$(PROJECT_DIR)",
				);
				INFOPLIST_FILE = ScannerHDSDkDemo/Info.plist;
				IPHONEOS_DEPLOYMENT_TARGET = 9.0;
				LD_RUNPATH_SEARCH_PATHS = (
					"$(inherited)",
					"@executable_path/Frameworks",
				);
				PRODUCT_BUNDLE_IDENTIFIER = com.hithink.scannerhd.sdk.demo;
				PRODUCT_NAME = "$(TARGET_NAME)";
				TARGETED_DEVICE_FAMILY = "1,2";
			};
			name = Release;
		};
/* End XCBuildConfiguration section */

/* Begin XCConfigurationList section */
		FC6647EE237D5342005416DE /* Build configuration list for PBXProject "ScannerHDSDkDemo" */ = {
			isa = XCConfigurationList;
			buildConfigurations = (
				FC664807237D5345005416DE /* Debug */,
				FC664808237D5345005416DE /* Release */,
			);
			defaultConfigurationIsVisible = 0;
			defaultConfigurationName = Release;
		};
		FC664809237D5345005416DE /* Build configuration list for PBXNativeTarget "ScannerHDSDkDemo" */ = {
			isa = XCConfigurationList;
			buildConfigurations = (
				FC66480A237D5345005416DE /* Debug */,
				FC66480B237D5345005416DE /* Release */,
			);
			defaultConfigurationIsVisible = 0;
			defaultConfigurationName = Release;
		};
/* End XCConfigurationList section */
	};
	rootObject = FC6647EB237D5342005416DE /* Project object */;
}
